
Microsoft Visual Studio Solution File, Format Version 12.00
# Visual Studio Version 17
VisualStudioVersion = 17.3.32929.385
MinimumVisualStudioVersion = 10.0.40219.1
Project("{FAE04EC0-301F-11D3-BF4B-00C04F79EFBC}") = "Djeyjey", "Djeyjey.csproj", "{7EF404DF-2628-4F3D-B565-7C49B1D31457}"
EndProject
Global
	GlobalSection(SolutionConfigurationPlatforms) = preSolution
		Debug|Any CPU = Debug|Any CPU
		Release|Any CPU = Release|Any CPU
	EndGlobalSection
	GlobalSection(ProjectConfigurationPlatforms) = postSolution
		{7EF404DF-2628-4F3D-B565-7C49B1D31457}.Debug|Any CPU.ActiveCfg = Debug|Any CPU
		{7EF404DF-2628-4F3D-B565-7C49B1D31457}.Debug|Any CPU.Build.0 = Debug|Any CPU
		{7EF404DF-2628-4F3D-B565-7C49B1D31457}.Release|Any CPU.ActiveCfg = Release|Any CPU
		{7EF404DF-2628-4F3D-B565-7C49B1D31457}.Release|Any CPU.Build.0 = Release|Any CPU
	EndGlobalSection
	GlobalSection(SolutionProperties) = preSolution
		HideSolutionNode = FALSE
	EndGlobalSection
	GlobalSection(ExtensibilityGlobals) = postSolution
		SolutionGuid = {BA43F814-B6D0-4189-B196-150B2641515E}
	EndGlobalSection
EndGlobal
